
Microsoft Visual Studio Solution File, Format Version 12.00
# Visual Studio Version 16
VisualStudioVersion = 16.0.32002.261
MinimumVisualStudioVersion = 10.0.40219.1
Project("{9A19103F-16F7-4668-BE54-9A1E7A4F7556}") = "eLibrary", "eLibrary.csproj", "{C996076A-241A-4C41-A99A-36A8546E9554}"
EndProject
Global
	GlobalSection(SolutionConfigurationPlatforms) = preSolution
		Debug|Any CPU = Debug|Any CPU
		Release|Any CPU = Release|Any CPU
	EndGlobalSection
	GlobalSection(ProjectConfigurationPlatforms) = postSolution
		{C996076A-241A-4C41-A99A-36A8546E9554}.Debug|Any CPU.ActiveCfg = Debug|Any CPU
		{C996076A-241A-4C41-A99A-36A8546E9554}.Debug|Any CPU.Build.0 = Debug|Any CPU
		{C996076A-241A-4C41-A99A-36A8546E9554}.Release|Any CPU.ActiveCfg = Release|Any CPU
		{C996076A-241A-4C41-A99A-36A8546E9554}.Release|Any CPU.Build.0 = Release|Any CPU
	EndGlobalSection
	GlobalSection(SolutionProperties) = preSolution
		HideSolutionNode = FALSE
	EndGlobalSection
	GlobalSection(ExtensibilityGlobals) = postSolution
		SolutionGuid = {8FC7674F-A906-4934-A7BC-03835AEBEC15}
	EndGlobalSection
EndGlobal
